
Microsoft Visual Studio Solution File, Format Version 12.00
# Visual Studio 15
VisualStudioVersion = 15.0.28307.1259
MinimumVisualStudioVersion = 10.0.40219.1
Project("{8BC9CEB8-8B4A-11D0-8D11-00A0C91BC942}") = "109360244", "109360244\109360244.vcxproj", "{74C48209-5F6F-44A3-9DB4-A18791BD84D4}"
EndProject
Global
	GlobalSection(SolutionConfigurationPlatforms) = preSolution
		Debug|x64 = Debug|x64
		Debug|x86 = Debug|x86
		Release|x64 = Release|x64
		Release|x86 = Release|x86
	EndGlobalSection
	GlobalSection(ProjectConfigurationPlatforms) = postSolution
		{74C48209-5F6F-44A3-9DB4-A18791BD84D4}.Debug|x64.ActiveCfg = Debug|x64
		{74C48209-5F6F-44A3-9DB4-A18791BD84D4}.Debug|x64.Build.0 = Debug|x64
		{74C48209-5F6F-44A3-9DB4-A18791BD84D4}.Debug|x86.ActiveCfg = Debug|Win32
		{74C48209-5F6F-44A3-9DB4-A18791BD84D4}.Debug|x86.Build.0 = Debug|Win32
		{74C48209-5F6F-44A3-9DB4-A18791BD84D4}.Release|x64.ActiveCfg = Release|x64
		{74C48209-5F6F-44A3-9DB4-A18791BD84D4}.Release|x64.Build.0 = Release|x64
		{74C48209-5F6F-44A3-9DB4-A18791BD84D4}.Release|x86.ActiveCfg = Release|Win32
		{74C48209-5F6F-44A3-9DB4-A18791BD84D4}.Release|x86.Build.0 = Release|Win32
	EndGlobalSection
	GlobalSection(SolutionProperties) = preSolution
		HideSolutionNode = FALSE
	EndGlobalSection
	GlobalSection(ExtensibilityGlobals) = postSolution
		SolutionGuid = {9059F065-4012-4D5C-A90E-FAB5C205DE4F}
	EndGlobalSection
EndGlobal
